{
  "name": "@cdk-turnkey/use-stackname",
  "version": "1.0.0",
  "lockfileVersion": 1,
  "requires": true,
  "dependencies": {
    "@cdk-turnkey/stackname": {
      "version": "1.0.1",
      "resolved": "https://registry.npmjs.org/@cdk-turnkey/stackname/-/stackname-1.0.1.tgz",
      "integrity": "sha512-M20ZI//kKTQ7OUF+NrnIi1wmHTGO6Ch+elL4v2MC9n9lWY3BFYVv2Mtl+mfNNlozII1AXAtSEQrsPrkAQF/KWg==",
      "requires": {
        "commander": "^6.2.1"
      }
    },
    "commander": {
      "version": "6.2.1",
      "resolved": "https://registry.npmjs.org/commander/-/commander-6.2.1.tgz",
      "integrity": "sha512-U7VdrJFnJgo4xjrHpTzu0yrHPGImdsmD95ZlgYSEajAn2JKzDhDTPG9kBTefmObL2w/ngeZnilk+OV9CG3d7UA=="
    }
  }
}
